{
  "R": {
    "Version": "4.4.1",
    "Repositories": [
      {
        "Name": "CRAN",
        "URL": "https://cloud.r-project.org"
      }
    ]
  },
  "Packages": {
    "tidyverse":      {"Package": "tidyverse",      "Source": "Repository", "Repository": "CRAN"},
    "gtsummary":      {"Package": "gtsummary",      "Source": "Repository", "Repository": "CRAN"},
    "patchwork":      {"Package": "patchwork",      "Source": "Repository", "Repository": "CRAN"},
    "broom":          {"Package": "broom",          "Source": "Repository", "Repository": "CRAN"},
    "broom.mixed":    {"Package": "broom.mixed",    "Source": "Repository", "Repository": "CRAN"},
    "knitr":          {"Package": "knitr",          "Source": "Repository", "Repository": "CRAN"},
    "rmarkdown":      {"Package": "rmarkdown",      "Source": "Repository", "Repository": "CRAN"},
    "quarto":         {"Package": "quarto",         "Source": "Repository", "Repository": "CRAN"},
    "here":           {"Package": "here",           "Source": "Repository", "Repository": "CRAN"},
    "MASS":           {"Package": "MASS",           "Source": "Repository", "Repository": "CRAN"},
    "survival":       {"Package": "survival",       "Source": "Repository", "Repository": "CRAN"},
    "survminer":      {"Package": "survminer",      "Source": "Repository", "Repository": "CRAN"},
    "palmerpenguins": {"Package": "palmerpenguins", "Source": "Repository", "Repository": "CRAN"},
    "datasauRus":     {"Package": "datasauRus",     "Source": "Repository", "Repository": "CRAN"},
    "lme4":           {"Package": "lme4",           "Source": "Repository", "Repository": "CRAN"},
    "glmmTMB":        {"Package": "glmmTMB",        "Source": "Repository", "Repository": "CRAN"},
    "geepack":        {"Package": "geepack",        "Source": "Repository", "Repository": "CRAN"},
    "mgcv":           {"Package": "mgcv",           "Source": "Repository", "Repository": "CRAN"},
    "gratia":         {"Package": "gratia",         "Source": "Repository", "Repository": "CRAN"},
    "emmeans":        {"Package": "emmeans",        "Source": "Repository", "Repository": "CRAN"},
    "car":            {"Package": "car",            "Source": "Repository", "Repository": "CRAN"},
    "nlme":           {"Package": "nlme",           "Source": "Repository", "Repository": "CRAN"},
    "VGAM":           {"Package": "VGAM",           "Source": "Repository", "Repository": "CRAN"},
    "nnet":           {"Package": "nnet",           "Source": "Repository", "Repository": "CRAN"},
    "pROC":           {"Package": "pROC",           "Source": "Repository", "Repository": "CRAN"},
    "rms":            {"Package": "rms",            "Source": "Repository", "Repository": "CRAN"},
    "performance":    {"Package": "performance",    "Source": "Repository", "Repository": "CRAN"},
    "effectsize":     {"Package": "effectsize",     "Source": "Repository", "Repository": "CRAN"},
    "DHARMa":         {"Package": "DHARMa",         "Source": "Repository", "Repository": "CRAN"},
    "mice":           {"Package": "mice",           "Source": "Repository", "Repository": "CRAN"},
    "MatchIt":        {"Package": "MatchIt",        "Source": "Repository", "Repository": "CRAN"},
    "cobalt":         {"Package": "cobalt",         "Source": "Repository", "Repository": "CRAN"},
    "survey":         {"Package": "survey",         "Source": "Repository", "Repository": "CRAN"},
    "dagitty":        {"Package": "dagitty",        "Source": "Repository", "Repository": "CRAN"},
    "ggdag":          {"Package": "ggdag",          "Source": "Repository", "Repository": "CRAN"},
    "pwr":            {"Package": "pwr",            "Source": "Repository", "Repository": "CRAN"},
    "WebPower":       {"Package": "WebPower",       "Source": "Repository", "Repository": "CRAN"},
    "simr":           {"Package": "simr",           "Source": "Repository", "Repository": "CRAN"},
    "metafor":        {"Package": "metafor",        "Source": "Repository", "Repository": "CRAN"},
    "netmeta":        {"Package": "netmeta",        "Source": "Repository", "Repository": "CRAN"},
    "tidycmprsk":     {"Package": "tidycmprsk",     "Source": "Repository", "Repository": "CRAN"},
    "ggsurvfit":      {"Package": "ggsurvfit",      "Source": "Repository", "Repository": "CRAN"},
    "cmprsk":         {"Package": "cmprsk",         "Source": "Repository", "Repository": "CRAN"},
    "mstate":         {"Package": "mstate",         "Source": "Repository", "Repository": "CRAN"},
    "forecast":       {"Package": "forecast",       "Source": "Repository", "Repository": "CRAN"},
    "changepoint":    {"Package": "changepoint",    "Source": "Repository", "Repository": "CRAN"},
    "glmnet":         {"Package": "glmnet",         "Source": "Repository", "Repository": "CRAN"},
    "tidymodels":     {"Package": "tidymodels",     "Source": "Repository", "Repository": "CRAN"},
    "ranger":         {"Package": "ranger",         "Source": "Repository", "Repository": "CRAN"},
    "xgboost":        {"Package": "xgboost",        "Source": "Repository", "Repository": "CRAN"},
    "lightgbm":       {"Package": "lightgbm",       "Source": "Repository", "Repository": "CRAN"},
    "FactoMineR":     {"Package": "FactoMineR",     "Source": "Repository", "Repository": "CRAN"},
    "factoextra":     {"Package": "factoextra",     "Source": "Repository", "Repository": "CRAN"},
    "mclust":         {"Package": "mclust",         "Source": "Repository", "Repository": "CRAN"},
    "uwot":           {"Package": "uwot",           "Source": "Repository", "Repository": "CRAN"},
    "DALEX":          {"Package": "DALEX",          "Source": "Repository", "Repository": "CRAN"},
    "iml":            {"Package": "iml",            "Source": "Repository", "Repository": "CRAN"},
    "brms":           {"Package": "brms",           "Source": "Repository", "Repository": "CRAN"},
    "deSolve":        {"Package": "deSolve",        "Source": "Repository", "Repository": "CRAN"},
    "targets":        {"Package": "targets",        "Source": "Repository", "Repository": "CRAN"},
    "tarchetypes":    {"Package": "tarchetypes",    "Source": "Repository", "Repository": "CRAN"}
  }
}
